
Microsoft Visual Studio Solution File, Format Version 12.00
# Visual Studio 14
VisualStudioVersion = 14.0.25123.0
MinimumVisualStudioVersion = 10.0.40219.1
Project("{FAE04EC0-301F-11D3-BF4B-00C04F79EFBC}") = "MobileAzureFieldIntel.Droid", "MobileAzureFieldIntel\MobileAzureFieldIntel.Droid\MobileAzureFieldIntel.Droid.csproj", "{964A5B2A-55EB-408E-BD36-485143865B24}"
EndProject
Project("{FAE04EC0-301F-11D3-BF4B-00C04F79EFBC}") = "MobileAzureFieldIntel.iOS", "MobileAzureFieldIntel\MobileAzureFieldIntel.iOS\MobileAzureFieldIntel.iOS.csproj", "{6E334039-EED4-45B7-8E28-AC5A4F021C1E}"
EndProject
Project("{FAE04EC0-301F-11D3-BF4B-00C04F79EFBC}") = "MobileAzureFieldIntel.WinPhone", "MobileAzureFieldIntel\MobileAzureFieldIntel.WinPhone\MobileAzureFieldIntel.WinPhone.csproj", "{0ED291F2-9541-469D-BDCF-13253FED8D88}"
EndProject
Project("{FAE04EC0-301F-11D3-BF4B-00C04F79EFBC}") = "MobileAzureFieldIntel.UWP", "MobileAzureFieldIntel\MobileAzureFieldIntel.UWP\MobileAzureFieldIntel.UWP.csproj", "{5183463E-38B9-4B33-B6DD-FB9693257198}"
EndProject
Project("{FAE04EC0-301F-11D3-BF4B-00C04F79EFBC}") = "MobileAzureFieldIntel.Windows", "MobileAzureFieldIntel\MobileAzureFieldIntel.Windows\MobileAzureFieldIntel.Windows.csproj", "{7903C0D1-2585-4ABB-AB93-3414628E5335}"
EndProject
Project("{FAE04EC0-301F-11D3-BF4B-00C04F79EFBC}") = "MobileAzureFieldIntel", "MobileAzureFieldIntel\MobileAzureFieldIntel\MobileAzureFieldIntel.csproj", "{BD8DA2A5-36FA-48C2-945B-DF902AFF1FAF}"
EndProject
Global
	GlobalSection(SolutionConfigurationPlatforms) = preSolution
		Ad-Hoc|Any CPU = Ad-Hoc|Any CPU
		Ad-Hoc|ARM = Ad-Hoc|ARM
		Ad-Hoc|iPhone = Ad-Hoc|iPhone
		Ad-Hoc|iPhoneSimulator = Ad-Hoc|iPhoneSimulator
		Ad-Hoc|x64 = Ad-Hoc|x64
		Ad-Hoc|x86 = Ad-Hoc|x86
		AppStore|Any CPU = AppStore|Any CPU
		AppStore|ARM = AppStore|ARM
		AppStore|iPhone = AppStore|iPhone
		AppStore|iPhoneSimulator = AppStore|iPhoneSimulator
		AppStore|x64 = AppStore|x64
		AppStore|x86 = AppStore|x86
		Debug|Any CPU = Debug|Any CPU
		Debug|ARM = Debug|ARM
		Debug|iPhone = Debug|iPhone
		Debug|iPhoneSimulator = Debug|iPhoneSimulator
		Debug|x64 = Debug|x64
		Debug|x86 = Debug|x86
		Release|Any CPU = Release|Any CPU
		Release|ARM = Release|ARM
		Release|iPhone = Release|iPhone
		Release|iPhoneSimulator = Release|iPhoneSimulator
		Release|x64 = Release|x64
		Release|x86 = Release|x86
	EndGlobalSection
	GlobalSection(ProjectConfigurationPlatforms) = postSolution
		{964A5B2A-55EB-408E-BD36-485143865B24}.Ad-Hoc|Any CPU.ActiveCfg = Release|Any CPU
		{964A5B2A-55EB-408E-BD36-485143865B24}.Ad-Hoc|Any CPU.Build.0 = Release|Any CPU
		{964A5B2A-55EB-408E-BD36-485143865B24}.Ad-Hoc|Any CPU.Deploy.0 = Release|Any CPU
		{964A5B2A-55EB-408E-BD36-485143865B24}.Ad-Hoc|ARM.ActiveCfg = Release|Any CPU
		{964A5B2A-55EB-408E-BD36-485143865B24}.Ad-Hoc|ARM.Build.0 = Release|Any CPU
		{964A5B2A-55EB-408E-BD36-485143865B24}.Ad-Hoc|ARM.Deploy.0 = Release|Any CPU
		{964A5B2A-55EB-408E-BD36-485143865B24}.Ad-Hoc|iPhone.ActiveCfg = Release|Any CPU
		{964A5B2A-55EB-408E-BD36-485143865B24}.Ad-Hoc|iPhone.Build.0 = Release|Any CPU
		{964A5B2A-55EB-408E-BD36-485143865B24}.Ad-Hoc|iPhone.Deploy.0 = Release|Any CPU
		{964A5B2A-55EB-408E-BD36-485143865B24}.Ad-Hoc|iPhoneSimulator.ActiveCfg = Release|Any CPU
		{964A5B2A-55EB-408E-BD36-485143865B24}.Ad-Hoc|iPhoneSimulator.Build.0 = Release|Any CPU
		{964A5B2A-55EB-408E-BD36-485143865B24}.Ad-Hoc|iPhoneSimulator.Deploy.0 = Release|Any CPU
		{964A5B2A-55EB-408E-BD36-485143865B24}.Ad-Hoc|x64.ActiveCfg = Release|Any CPU
		{964A5B2A-55EB-408E-BD36-485143865B24}.Ad-Hoc|x64.Build.0 = Release|Any CPU
		{964A5B2A-55EB-408E-BD36-485143865B24}.Ad-Hoc|x64.Deploy.0 = Release|Any CPU
		{964A5B2A-55EB-408E-BD36-485143865B24}.Ad-Hoc|x86.ActiveCfg = Release|Any CPU
		{964A5B2A-55EB-408E-BD36-485143865B24}.Ad-Hoc|x86.Build.0 = Release|Any CPU
		{964A5B2A-55EB-408E-BD36-485143865B24}.Ad-Hoc|x86.Deploy.0 = Release|Any CPU
		{964A5B2A-55EB-408E-BD36-485143865B24}.AppStore|Any CPU.ActiveCfg = Release|Any CPU
		{964A5B2A-55EB-408E-BD36-485143865B24}.AppStore|Any CPU.Build.0 = Release|Any CPU
		{964A5B2A-55EB-408E-BD36-485143865B24}.AppStore|Any CPU.Deploy.0 = Release|Any CPU
		{964A5B2A-55EB-408E-BD36-485143865B24}.AppStore|ARM.ActiveCfg = Release|Any CPU
		{964A5B2A-55EB-408E-BD36-485143865B24}.AppStore|ARM.Build.0 = Release|Any CPU
		{964A5B2A-55EB-408E-BD36-485143865B24}.AppStore|ARM.Deploy.0 = Release|Any CPU
		{964A5B2A-55EB-408E-BD36-485143865B24}.AppStore|iPhone.ActiveCfg = Release|Any CPU
		{964A5B2A-55EB-408E-BD36-485143865B24}.AppStore|iPhone.Build.0 = Release|Any CPU
		{964A5B2A-55EB-408E-BD36-485143865B24}.AppStore|iPhone.Deploy.0 = Release|Any CPU
		{964A5B2A-55EB-408E-BD36-485143865B24}.AppStore|iPhoneSimulator.ActiveCfg = Release|Any CPU
		{964A5B2A-55EB-408E-BD36-485143865B24}.AppStore|iPhoneSimulator.Build.0 = Release|Any CPU
		{964A5B2A-55EB-408E-BD36-485143865B24}.AppStore|iPhoneSimulator.Deploy.0 = Release|Any CPU
		{964A5B2A-55EB-408E-BD36-485143865B24}.AppStore|x64.ActiveCfg = Release|Any CPU
		{964A5B2A-55EB-408E-BD36-485143865B24}.AppStore|x64.Build.0 = Release|Any CPU
		{964A5B2A-55EB-408E-BD36-485143865B24}.AppStore|x64.Deploy.0 = Release|Any CPU
		{964A5B2A-55EB-408E-BD36-485143865B24}.AppStore|x86.ActiveCfg = Release|Any CPU
		{964A5B2A-55EB-408E-BD36-485143865B24}.AppStore|x86.Build.0 = Release|Any CPU
		{964A5B2A-55EB-408E-BD36-485143865B24}.AppStore|x86.Deploy.0 = Release|Any CPU
		{964A5B2A-55EB-408E-BD36-485143865B24}.Debug|Any CPU.ActiveCfg = Debug|Any CPU
		{964A5B2A-55EB-408E-BD36-485143865B24}.Debug|Any CPU.Build.0 = Debug|Any CPU
		{964A5B2A-55EB-408E-BD36-485143865B24}.Debug|Any CPU.Deploy.0 = Debug|Any CPU
		{964A5B2A-55EB-408E-BD36-485143865B24}.Debug|ARM.ActiveCfg = Debug|Any CPU
		{964A5B2A-55EB-408E-BD36-485143865B24}.Debug|ARM.Build.0 = Debug|Any CPU
		{964A5B2A-55EB-408E-BD36-485143865B24}.Debug|ARM.Deploy.0 = Debug|Any CPU
		{964A5B2A-55EB-408E-BD36-485143865B24}.Debug|iPhone.ActiveCfg = Debug|Any CPU
		{964A5B2A-55EB-408E-BD36-485143865B24}.Debug|iPhone.Build.0 = Debug|Any CPU
		{964A5B2A-55EB-408E-BD36-485143865B24}.Debug|iPhone.Deploy.0 = Debug|Any CPU
		{964A5B2A-55EB-408E-BD36-485143865B24}.Debug|iPhoneSimulator.ActiveCfg = Debug|Any CPU
		{964A5B2A-55EB-408E-BD36-485143865B24}.Debug|iPhoneSimulator.Build.0 = Debug|Any CPU
		{964A5B2A-55EB-408E-BD36-485143865B24}.Debug|iPhoneSimulator.Deploy.0 = Debug|Any CPU
		{964A5B2A-55EB-408E-BD36-485143865B24}.Debug|x64.ActiveCfg = Debug|Any CPU
		{964A5B2A-55EB-408E-BD36-485143865B24}.Debug|x64.Build.0 = Debug|Any CPU
		{964A5B2A-55EB-408E-BD36-485143865B24}.Debug|x64.Deploy.0 = Debug|Any CPU
		{964A5B2A-55EB-408E-BD36-485143865B24}.Debug|x86.ActiveCfg = Debug|Any CPU
		{964A5B2A-55EB-408E-BD36-485143865B24}.Debug|x86.Build.0 = Debug|Any CPU
		{964A5B2A-55EB-408E-BD36-485143865B24}.Debug|x86.Deploy.0 = Debug|Any CPU
		{964A5B2A-55EB-408E-BD36-485143865B24}.Release|Any CPU.ActiveCfg = Release|Any CPU
		{964A5B2A-55EB-408E-BD36-485143865B24}.Release|Any CPU.Build.0 = Release|Any CPU
		{964A5B2A-55EB-408E-BD36-485143865B24}.Release|Any CPU.Deploy.0 = Release|Any CPU
		{964A5B2A-55EB-408E-BD36-485143865B24}.Release|ARM.ActiveCfg = Release|Any CPU
		{964A5B2A-55EB-408E-BD36-485143865B24}.Release|ARM.Build.0 = Release|Any CPU
		{964A5B2A-55EB-408E-BD36-485143865B24}.Release|ARM.Deploy.0 = Release|Any CPU
		{964A5B2A-55EB-408E-BD36-485143865B24}.Release|iPhone.ActiveCfg = Release|Any CPU
		{964A5B2A-55EB-408E-BD36-485143865B24}.Release|iPhone.Build.0 = Release|Any CPU
		{964A5B2A-55EB-408E-BD36-485143865B24}.Release|iPhone.Deploy.0 = Release|Any CPU
		{964A5B2A-55EB-408E-BD36-485143865B24}.Release|iPhoneSimulator.ActiveCfg = Release|Any CPU
		{964A5B2A-55EB-408E-BD36-485143865B24}.Release|iPhoneSimulator.Build.0 = Release|Any CPU
		{964A5B2A-55EB-408E-BD36-485143865B24}.Release|iPhoneSimulator.Deploy.0 = Release|Any CPU
		{964A5B2A-55EB-408E-BD36-485143865B24}.Release|x64.ActiveCfg = Release|Any CPU
		{964A5B2A-55EB-408E-BD36-485143865B24}.Release|x64.Build.0 = Release|Any CPU
		{964A5B2A-55EB-408E-BD36-485143865B24}.Release|x64.Deploy.0 = Release|Any CPU
		{964A5B2A-55EB-408E-BD36-485143865B24}.Release|x86.ActiveCfg = Release|Any CPU
		{964A5B2A-55EB-408E-BD36-485143865B24}.Release|x86.Build.0 = Release|Any CPU
		{964A5B2A-55EB-408E-BD36-485143865B24}.Release|x86.Deploy.0 = Release|Any CPU
		{6E334039-EED4-45B7-8E28-AC5A4F021C1E}.Ad-Hoc|Any CPU.ActiveCfg = Ad-Hoc|iPhone
		{6E334039-EED4-45B7-8E28-AC5A4F021C1E}.Ad-Hoc|ARM.ActiveCfg = Ad-Hoc|iPhone
		{6E334039-EED4-45B7-8E28-AC5A4F021C1E}.Ad-Hoc|iPhone.ActiveCfg = Ad-Hoc|iPhone
		{6E334039-EED4-45B7-8E28-AC5A4F021C1E}.Ad-Hoc|iPhone.Build.0 = Ad-Hoc|iPhone
		{6E334039-EED4-45B7-8E28-AC5A4F021C1E}.Ad-Hoc|iPhoneSimulator.ActiveCfg = Ad-Hoc|iPhoneSimulator
		{6E334039-EED4-45B7-8E28-AC5A4F021C1E}.Ad-Hoc|iPhoneSimulator.Build.0 = Ad-Hoc|iPhoneSimulator
		{6E334039-EED4-45B7-8E28-AC5A4F021C1E}.Ad-Hoc|x64.ActiveCfg = Ad-Hoc|iPhone
		{6E334039-EED4-45B7-8E28-AC5A4F021C1E}.Ad-Hoc|x86.ActiveCfg = Ad-Hoc|iPhone
		{6E334039-EED4-45B7-8E28-AC5A4F021C1E}.AppStore|Any CPU.ActiveCfg = AppStore|iPhone
		{6E334039-EED4-45B7-8E28-AC5A4F021C1E}.AppStore|ARM.ActiveCfg = AppStore|iPhone
		{6E334039-EED4-45B7-8E28-AC5A4F021C1E}.AppStore|iPhone.ActiveCfg = AppStore|iPhone
		{6E334039-EED4-45B7-8E28-AC5A4F021C1E}.AppStore|iPhone.Build.0 = AppStore|iPhone
		{6E334039-EED4-45B7-8E28-AC5A4F021C1E}.AppStore|iPhoneSimulator.ActiveCfg = AppStore|iPhoneSimulator
		{6E334039-EED4-45B7-8E28-AC5A4F021C1E}.AppStore|iPhoneSimulator.Build.0 = AppStore|iPhoneSimulator
		{6E334039-EED4-45B7-8E28-AC5A4F021C1E}.AppStore|x64.ActiveCfg = AppStore|iPhone
		{6E334039-EED4-45B7-8E28-AC5A4F021C1E}.AppStore|x86.ActiveCfg = AppStore|iPhone
		{6E334039-EED4-45B7-8E28-AC5A4F021C1E}.Debug|Any CPU.ActiveCfg = Debug|iPhone
		{6E334039-EED4-45B7-8E28-AC5A4F021C1E}.Debug|ARM.ActiveCfg = Debug|iPhone
		{6E334039-EED4-45B7-8E28-AC5A4F021C1E}.Debug|iPhone.ActiveCfg = Debug|iPhone
		{6E334039-EED4-45B7-8E28-AC5A4F021C1E}.Debug|iPhone.Build.0 = Debug|iPhone
		{6E334039-EED4-45B7-8E28-AC5A4F021C1E}.Debug|iPhoneSimulator.ActiveCfg = Debug|iPhoneSimulator
		{6E334039-EED4-45B7-8E28-AC5A4F021C1E}.Debug|iPhoneSimulator.Build.0 = Debug|iPhoneSimulator
		{6E334039-EED4-45B7-8E28-AC5A4F021C1E}.Debug|x64.ActiveCfg = Debug|iPhone
		{6E334039-EED4-45B7-8E28-AC5A4F021C1E}.Debug|x86.ActiveCfg = Debug|iPhone
		{6E334039-EED4-45B7-8E28-AC5A4F021C1E}.Release|Any CPU.ActiveCfg = Release|iPhone
		{6E334039-EED4-45B7-8E28-AC5A4F021C1E}.Release|ARM.ActiveCfg = Release|iPhone
		{6E334039-EED4-45B7-8E28-AC5A4F021C1E}.Release|iPhone.ActiveCfg = Release|iPhone
		{6E334039-EED4-45B7-8E28-AC5A4F021C1E}.Release|iPhone.Build.0 = Release|iPhone
		{6E334039-EED4-45B7-8E28-AC5A4F021C1E}.Release|iPhoneSimulator.ActiveCfg = Release|iPhoneSimulator
		{6E334039-EED4-45B7-8E28-AC5A4F021C1E}.Release|iPhoneSimulator.Build.0 = Release|iPhoneSimulator
		{6E334039-EED4-45B7-8E28-AC5A4F021C1E}.Release|x64.ActiveCfg = Release|iPhone
		{6E334039-EED4-45B7-8E28-AC5A4F021C1E}.Release|x86.ActiveCfg = Release|iPhone
		{0ED291F2-9541-469D-BDCF-13253FED8D88}.Ad-Hoc|Any CPU.ActiveCfg = Release|Any CPU
		{0ED291F2-9541-469D-BDCF-13253FED8D88}.Ad-Hoc|Any CPU.Build.0 = Release|Any CPU
		{0ED291F2-9541-469D-BDCF-13253FED8D88}.Ad-Hoc|Any CPU.Deploy.0 = Release|Any CPU
		{0ED291F2-9541-469D-BDCF-13253FED8D88}.Ad-Hoc|ARM.ActiveCfg = Release|ARM
		{0ED291F2-9541-469D-BDCF-13253FED8D88}.Ad-Hoc|ARM.Build.0 = Release|ARM
		{0ED291F2-9541-469D-BDCF-13253FED8D88}.Ad-Hoc|ARM.Deploy.0 = Release|ARM
		{0ED291F2-9541-469D-BDCF-13253FED8D88}.Ad-Hoc|iPhone.ActiveCfg = Release|Any CPU
		{0ED291F2-9541-469D-BDCF-13253FED8D88}.Ad-Hoc|iPhone.Build.0 = Release|Any CPU
		{0ED291F2-9541-469D-BDCF-13253FED8D88}.Ad-Hoc|iPhone.Deploy.0 = Release|Any CPU
		{0ED291F2-9541-469D-BDCF-13253FED8D88}.Ad-Hoc|iPhoneSimulator.ActiveCfg = Release|Any CPU
		{0ED291F2-9541-469D-BDCF-13253FED8D88}.Ad-Hoc|iPhoneSimulator.Build.0 = Release|Any CPU
		{0ED291F2-9541-469D-BDCF-13253FED8D88}.Ad-Hoc|iPhoneSimulator.Deploy.0 = Release|Any CPU
		{0ED291F2-9541-469D-BDCF-13253FED8D88}.Ad-Hoc|x64.ActiveCfg = Release|Any CPU
		{0ED291F2-9541-469D-BDCF-13253FED8D88}.Ad-Hoc|x64.Build.0 = Release|Any CPU
		{0ED291F2-9541-469D-BDCF-13253FED8D88}.Ad-Hoc|x64.Deploy.0 = Release|Any CPU
		{0ED291F2-9541-469D-BDCF-13253FED8D88}.Ad-Hoc|x86.ActiveCfg = Release|x86
		{0ED291F2-9541-469D-BDCF-13253FED8D88}.Ad-Hoc|x86.Build.0 = Release|x86
		{0ED291F2-9541-469D-BDCF-13253FED8D88}.Ad-Hoc|x86.Deploy.0 = Release|x86
		{0ED291F2-9541-469D-BDCF-13253FED8D88}.AppStore|Any CPU.ActiveCfg = Release|Any CPU
		{0ED291F2-9541-469D-BDCF-13253FED8D88}.AppStore|Any CPU.Build.0 = Release|Any CPU
		{0ED291F2-9541-469D-BDCF-13253FED8D88}.AppStore|Any CPU.Deploy.0 = Release|Any CPU
		{0ED291F2-9541-469D-BDCF-13253FED8D88}.AppStore|ARM.ActiveCfg = Release|ARM
		{0ED291F2-9541-469D-BDCF-13253FED8D88}.AppStore|ARM.Build.0 = Release|ARM
		{0ED291F2-9541-469D-BDCF-13253FED8D88}.AppStore|ARM.Deploy.0 = Release|ARM
		{0ED291F2-9541-469D-BDCF-13253FED8D88}.AppStore|iPhone.ActiveCfg = Release|Any CPU
		{0ED291F2-9541-469D-BDCF-13253FED8D88}.AppStore|iPhone.Build.0 = Release|Any CPU
		{0ED291F2-9541-469D-BDCF-13253FED8D88}.AppStore|iPhone.Deploy.0 = Release|Any CPU
		{0ED291F2-9541-469D-BDCF-13253FED8D88}.AppStore|iPhoneSimulator.ActiveCfg = Release|Any CPU
		{0ED291F2-9541-469D-BDCF-13253FED8D88}.AppStore|iPhoneSimulator.Build.0 = Release|Any CPU
		{0ED291F2-9541-469D-BDCF-13253FED8D88}.AppStore|iPhoneSimulator.Deploy.0 = Release|Any CPU
		{0ED291F2-9541-469D-BDCF-13253FED8D88}.AppStore|x64.ActiveCfg = Release|Any CPU
		{0ED291F2-9541-469D-BDCF-13253FED8D88}.AppStore|x64.Build.0 = Release|Any CPU
		{0ED291F2-9541-469D-BDCF-13253FED8D88}.AppStore|x64.Deploy.0 = Release|Any CPU
		{0ED291F2-9541-469D-BDCF-13253FED8D88}.AppStore|x86.ActiveCfg = Release|x86
		{0ED291F2-9541-469D-BDCF-13253FED8D88}.AppStore|x86.Build.0 = Release|x86
		{0ED291F2-9541-469D-BDCF-13253FED8D88}.AppStore|x86.Deploy.0 = Release|x86
		{0ED291F2-9541-469D-BDCF-13253FED8D88}.Debug|Any CPU.ActiveCfg = Debug|Any CPU
		{0ED291F2-9541-469D-BDCF-13253FED8D88}.Debug|Any CPU.Build.0 = Debug|Any CPU
		{0ED291F2-9541-469D-BDCF-13253FED8D88}.Debug|Any CPU.Deploy.0 = Debug|Any CPU
		{0ED291F2-9541-469D-BDCF-13253FED8D88}.Debug|ARM.ActiveCfg = Debug|ARM
		{0ED291F2-9541-469D-BDCF-13253FED8D88}.Debug|ARM.Build.0 = Debug|ARM
		{0ED291F2-9541-469D-BDCF-13253FED8D88}.Debug|ARM.Deploy.0 = Debug|ARM
		{0ED291F2-9541-469D-BDCF-13253FED8D88}.Debug|iPhone.ActiveCfg = Debug|Any CPU
		{0ED291F2-9541-469D-BDCF-13253FED8D88}.Debug|iPhone.Build.0 = Debug|Any CPU
		{0ED291F2-9541-469D-BDCF-13253FED8D88}.Debug|iPhone.Deploy.0 = Debug|Any CPU
		{0ED291F2-9541-469D-BDCF-13253FED8D88}.Debug|iPhoneSimulator.ActiveCfg = Debug|Any CPU
		{0ED291F2-9541-469D-BDCF-13253FED8D88}.Debug|iPhoneSimulator.Build.0 = Debug|Any CPU
		{0ED291F2-9541-469D-BDCF-13253FED8D88}.Debug|iPhoneSimulator.Deploy.0 = Debug|Any CPU
		{0ED291F2-9541-469D-BDCF-13253FED8D88}.Debug|x64.ActiveCfg = Debug|Any CPU
		{0ED291F2-9541-469D-BDCF-13253FED8D88}.Debug|x64.Build.0 = Debug|Any CPU
		{0ED291F2-9541-469D-BDCF-13253FED8D88}.Debug|x64.Deploy.0 = Debug|Any CPU
		{0ED291F2-9541-469D-BDCF-13253FED8D88}.Debug|x86.ActiveCfg = Debug|x86
		{0ED291F2-9541-469D-BDCF-13253FED8D88}.Debug|x86.Build.0 = Debug|x86
		{0ED291F2-9541-469D-BDCF-13253FED8D88}.Debug|x86.Deploy.0 = Debug|x86
		{0ED291F2-9541-469D-BDCF-13253FED8D88}.Release|Any CPU.ActiveCfg = Release|Any CPU
		{0ED291F2-9541-469D-BDCF-13253FED8D88}.Release|Any CPU.Build.0 = Release|Any CPU
		{0ED291F2-9541-469D-BDCF-13253FED8D88}.Release|Any CPU.Deploy.0 = Release|Any CPU
		{0ED291F2-9541-469D-BDCF-13253FED8D88}.Release|ARM.ActiveCfg = Release|ARM
		{0ED291F2-9541-469D-BDCF-13253FED8D88}.Release|ARM.Build.0 = Release|ARM
		{0ED291F2-9541-469D-BDCF-13253FED8D88}.Release|ARM.Deploy.0 = Release|ARM
		{0ED291F2-9541-469D-BDCF-13253FED8D88}.Release|iPhone.ActiveCfg = Release|Any CPU
		{0ED291F2-9541-469D-BDCF-13253FED8D88}.Release|iPhone.Build.0 = Release|Any CPU
		{0ED291F2-9541-469D-BDCF-13253FED8D88}.Release|iPhone.Deploy.0 = Release|Any CPU
		{0ED291F2-9541-469D-BDCF-13253FED8D88}.Release|iPhoneSimulator.ActiveCfg = Release|Any CPU
		{0ED291F2-9541-469D-BDCF-13253FED8D88}.Release|iPhoneSimulator.Build.0 = Release|Any CPU
		{0ED291F2-9541-469D-BDCF-13253FED8D88}.Release|iPhoneSimulator.Deploy.0 = Release|Any CPU
		{0ED291F2-9541-469D-BDCF-13253FED8D88}.Release|x64.ActiveCfg = Release|Any CPU
		{0ED291F2-9541-469D-BDCF-13253FED8D88}.Release|x64.Build.0 = Release|Any CPU
		{0ED291F2-9541-469D-BDCF-13253FED8D88}.Release|x64.Deploy.0 = Release|Any CPU
		{0ED291F2-9541-469D-BDCF-13253FED8D88}.Release|x86.ActiveCfg = Release|x86
		{0ED291F2-9541-469D-BDCF-13253FED8D88}.Release|x86.Build.0 = Release|x86
		{0ED291F2-9541-469D-BDCF-13253FED8D88}.Release|x86.Deploy.0 = Release|x86
		{5183463E-38B9-4B33-B6DD-FB9693257198}.Ad-Hoc|Any CPU.ActiveCfg = Release|x86
		{5183463E-38B9-4B33-B6DD-FB9693257198}.Ad-Hoc|Any CPU.Build.0 = Release|x86
		{5183463E-38B9-4B33-B6DD-FB9693257198}.Ad-Hoc|Any CPU.Deploy.0 = Release|x86
		{5183463E-38B9-4B33-B6DD-FB9693257198}.Ad-Hoc|ARM.ActiveCfg = Release|ARM
		{5183463E-38B9-4B33-B6DD-FB9693257198}.Ad-Hoc|ARM.Build.0 = Release|ARM
		{5183463E-38B9-4B33-B6DD-FB9693257198}.Ad-Hoc|ARM.Deploy.0 = Release|ARM
		{5183463E-38B9-4B33-B6DD-FB9693257198}.Ad-Hoc|iPhone.ActiveCfg = Release|x86
		{5183463E-38B9-4B33-B6DD-FB9693257198}.Ad-Hoc|iPhone.Build.0 = Release|x86
		{5183463E-38B9-4B33-B6DD-FB9693257198}.Ad-Hoc|iPhone.Deploy.0 = Release|x86
		{5183463E-38B9-4B33-B6DD-FB9693257198}.Ad-Hoc|iPhoneSimulator.ActiveCfg = Release|x86
		{5183463E-38B9-4B33-B6DD-FB9693257198}.Ad-Hoc|iPhoneSimulator.Build.0 = Release|x86
		{5183463E-38B9-4B33-B6DD-FB9693257198}.Ad-Hoc|iPhoneSimulator.Deploy.0 = Release|x86
		{5183463E-38B9-4B33-B6DD-FB9693257198}.Ad-Hoc|x64.ActiveCfg = Release|x64
		{5183463E-38B9-4B33-B6DD-FB9693257198}.Ad-Hoc|x64.Build.0 = Release|x64
		{5183463E-38B9-4B33-B6DD-FB9693257198}.Ad-Hoc|x64.Deploy.0 = Release|x64
		{5183463E-38B9-4B33-B6DD-FB9693257198}.Ad-Hoc|x86.ActiveCfg = Release|x86
		{5183463E-38B9-4B33-B6DD-FB9693257198}.Ad-Hoc|x86.Build.0 = Release|x86
		{5183463E-38B9-4B33-B6DD-FB9693257198}.Ad-Hoc|x86.Deploy.0 = Release|x86
		{5183463E-38B9-4B33-B6DD-FB9693257198}.AppStore|Any CPU.ActiveCfg = Release|x86
		{5183463E-38B9-4B33-B6DD-FB9693257198}.AppStore|Any CPU.Build.0 = Release|x86
		{5183463E-38B9-4B33-B6DD-FB9693257198}.AppStore|Any CPU.Deploy.0 = Release|x86
		{5183463E-38B9-4B33-B6DD-FB9693257198}.AppStore|ARM.ActiveCfg = Release|ARM
		{5183463E-38B9-4B33-B6DD-FB9693257198}.AppStore|ARM.Build.0 = Release|ARM
		{5183463E-38B9-4B33-B6DD-FB9693257198}.AppStore|ARM.Deploy.0 = Release|ARM
		{5183463E-38B9-4B33-B6DD-FB9693257198}.AppStore|iPhone.ActiveCfg = Release|x86
		{5183463E-38B9-4B33-B6DD-FB9693257198}.AppStore|iPhone.Build.0 = Release|x86
		{5183463E-38B9-4B33-B6DD-FB9693257198}.AppStore|iPhone.Deploy.0 = Release|x86
		{5183463E-38B9-4B33-B6DD-FB9693257198}.AppStore|iPhoneSimulator.ActiveCfg = Release|x86
		{5183463E-38B9-4B33-B6DD-FB9693257198}.AppStore|iPhoneSimulator.Build.0 = Release|x86
		{5183463E-38B9-4B33-B6DD-FB9693257198}.AppStore|iPhoneSimulator.Deploy.0 = Release|x86
		{5183463E-38B9-4B33-B6DD-FB9693257198}.AppStore|x64.ActiveCfg = Release|x64
		{5183463E-38B9-4B33-B6DD-FB9693257198}.AppStore|x64.Build.0 = Release|x64
		{5183463E-38B9-4B33-B6DD-FB9693257198}.AppStore|x64.Deploy.0 = Release|x64
		{5183463E-38B9-4B33-B6DD-FB9693257198}.AppStore|x86.ActiveCfg = Release|x86
		{5183463E-38B9-4B33-B6DD-FB9693257198}.AppStore|x86.Build.0 = Release|x86
		{5183463E-38B9-4B33-B6DD-FB9693257198}.AppStore|x86.Deploy.0 = Release|x86
		{5183463E-38B9-4B33-B6DD-FB9693257198}.Debug|Any CPU.ActiveCfg = Debug|x86
		{5183463E-38B9-4B33-B6DD-FB9693257198}.Debug|ARM.ActiveCfg = Debug|ARM
		{5183463E-38B9-4B33-B6DD-FB9693257198}.Debug|ARM.Build.0 = Debug|ARM
		{5183463E-38B9-4B33-B6DD-FB9693257198}.Debug|ARM.Deploy.0 = Debug|ARM
		{5183463E-38B9-4B33-B6DD-FB9693257198}.Debug|iPhone.ActiveCfg = Debug|x86
		{5183463E-38B9-4B33-B6DD-FB9693257198}.Debug|iPhoneSimulator.ActiveCfg = Debug|x86
		{5183463E-38B9-4B33-B6DD-FB9693257198}.Debug|x64.ActiveCfg = Debug|x64
		{5183463E-38B9-4B33-B6DD-FB9693257198}.Debug|x64.Build.0 = Debug|x64
		{5183463E-38B9-4B33-B6DD-FB9693257198}.Debug|x64.Deploy.0 = Debug|x64
		{5183463E-38B9-4B33-B6DD-FB9693257198}.Debug|x86.ActiveCfg = Debug|x86
		{5183463E-38B9-4B33-B6DD-FB9693257198}.Debug|x86.Build.0 = Debug|x86
		{5183463E-38B9-4B33-B6DD-FB9693257198}.Debug|x86.Deploy.0 = Debug|x86
		{5183463E-38B9-4B33-B6DD-FB9693257198}.Release|Any CPU.ActiveCfg = Release|x86
		{5183463E-38B9-4B33-B6DD-FB9693257198}.Release|ARM.ActiveCfg = Release|ARM
		{5183463E-38B9-4B33-B6DD-FB9693257198}.Release|ARM.Build.0 = Release|ARM
		{5183463E-38B9-4B33-B6DD-FB9693257198}.Release|ARM.Deploy.0 = Release|ARM
		{5183463E-38B9-4B33-B6DD-FB9693257198}.Release|iPhone.ActiveCfg = Release|x86
		{5183463E-38B9-4B33-B6DD-FB9693257198}.Release|iPhoneSimulator.ActiveCfg = Release|x86
		{5183463E-38B9-4B33-B6DD-FB9693257198}.Release|x64.ActiveCfg = Release|x64
		{5183463E-38B9-4B33-B6DD-FB9693257198}.Release|x64.Build.0 = Release|x64
		{5183463E-38B9-4B33-B6DD-FB9693257198}.Release|x64.Deploy.0 = Release|x64
		{5183463E-38B9-4B33-B6DD-FB9693257198}.Release|x86.ActiveCfg = Release|x86
		{5183463E-38B9-4B33-B6DD-FB9693257198}.Release|x86.Build.0 = Release|x86
		{5183463E-38B9-4B33-B6DD-FB9693257198}.Release|x86.Deploy.0 = Release|x86
		{7903C0D1-2585-4ABB-AB93-3414628E5335}.Ad-Hoc|Any CPU.ActiveCfg = Release|Any CPU
		{7903C0D1-2585-4ABB-AB93-3414628E5335}.Ad-Hoc|Any CPU.Build.0 = Release|Any CPU
		{7903C0D1-2585-4ABB-AB93-3414628E5335}.Ad-Hoc|Any CPU.Deploy.0 = Release|Any CPU
		{7903C0D1-2585-4ABB-AB93-3414628E5335}.Ad-Hoc|ARM.ActiveCfg = Release|ARM
		{7903C0D1-2585-4ABB-AB93-3414628E5335}.Ad-Hoc|ARM.Build.0 = Release|ARM
		{7903C0D1-2585-4ABB-AB93-3414628E5335}.Ad-Hoc|ARM.Deploy.0 = Release|ARM
		{7903C0D1-2585-4ABB-AB93-3414628E5335}.Ad-Hoc|iPhone.ActiveCfg = Release|Any CPU
		{7903C0D1-2585-4ABB-AB93-3414628E5335}.Ad-Hoc|iPhone.Build.0 = Release|Any CPU
		{7903C0D1-2585-4ABB-AB93-3414628E5335}.Ad-Hoc|iPhone.Deploy.0 = Release|Any CPU
		{7903C0D1-2585-4ABB-AB93-3414628E5335}.Ad-Hoc|iPhoneSimulator.ActiveCfg = Release|Any CPU
		{7903C0D1-2585-4ABB-AB93-3414628E5335}.Ad-Hoc|iPhoneSimulator.Build.0 = Release|Any CPU
		{7903C0D1-2585-4ABB-AB93-3414628E5335}.Ad-Hoc|iPhoneSimulator.Deploy.0 = Release|Any CPU
		{7903C0D1-2585-4ABB-AB93-3414628E5335}.Ad-Hoc|x64.ActiveCfg = Release|x64
		{7903C0D1-2585-4ABB-AB93-3414628E5335}.Ad-Hoc|x64.Build.0 = Release|x64
		{7903C0D1-2585-4ABB-AB93-3414628E5335}.Ad-Hoc|x64.Deploy.0 = Release|x64
		{7903C0D1-2585-4ABB-AB93-3414628E5335}.Ad-Hoc|x86.ActiveCfg = Release|x86
		{7903C0D1-2585-4ABB-AB93-3414628E5335}.Ad-Hoc|x86.Build.0 = Release|x86
		{7903C0D1-2585-4ABB-AB93-3414628E5335}.Ad-Hoc|x86.Deploy.0 = Release|x86
		{7903C0D1-2585-4ABB-AB93-3414628E5335}.AppStore|Any CPU.ActiveCfg = Release|Any CPU
		{7903C0D1-2585-4ABB-AB93-3414628E5335}.AppStore|Any CPU.Build.0 = Release|Any CPU
		{7903C0D1-2585-4ABB-AB93-3414628E5335}.AppStore|Any CPU.Deploy.0 = Release|Any CPU
		{7903C0D1-2585-4ABB-AB93-3414628E5335}.AppStore|ARM.ActiveCfg = Release|ARM
		{7903C0D1-2585-4ABB-AB93-3414628E5335}.AppStore|ARM.Build.0 = Release|ARM
		{7903C0D1-2585-4ABB-AB93-3414628E5335}.AppStore|ARM.Deploy.0 = Release|ARM
		{7903C0D1-2585-4ABB-AB93-3414628E5335}.AppStore|iPhone.ActiveCfg = Release|Any CPU
		{7903C0D1-2585-4ABB-AB93-3414628E5335}.AppStore|iPhone.Build.0 = Release|Any CPU
		{7903C0D1-2585-4ABB-AB93-3414628E5335}.AppStore|iPhone.Deploy.0 = Release|Any CPU
		{7903C0D1-2585-4ABB-AB93-3414628E5335}.AppStore|iPhoneSimulator.ActiveCfg = Release|Any CPU
		{7903C0D1-2585-4ABB-AB93-3414628E5335}.AppStore|iPhoneSimulator.Build.0 = Release|Any CPU
		{7903C0D1-2585-4ABB-AB93-3414628E5335}.AppStore|iPhoneSimulator.Deploy.0 = Release|Any CPU
		{7903C0D1-2585-4ABB-AB93-3414628E5335}.AppStore|x64.ActiveCfg = Release|x64
		{7903C0D1-2585-4ABB-AB93-3414628E5335}.AppStore|x64.Build.0 = Release|x64
		{7903C0D1-2585-4ABB-AB93-3414628E5335}.AppStore|x64.Deploy.0 = Release|x64
		{7903C0D1-2585-4ABB-AB93-3414628E5335}.AppStore|x86.ActiveCfg = Release|x86
		{7903C0D1-2585-4ABB-AB93-3414628E5335}.AppStore|x86.Build.0 = Release|x86
		{7903C0D1-2585-4ABB-AB93-3414628E5335}.AppStore|x86.Deploy.0 = Release|x86
		{7903C0D1-2585-4ABB-AB93-3414628E5335}.Debug|Any CPU.ActiveCfg = Debug|Any CPU
		{7903C0D1-2585-4ABB-AB93-3414628E5335}.Debug|Any CPU.Build.0 = Debug|Any CPU
		{7903C0D1-2585-4ABB-AB93-3414628E5335}.Debug|Any CPU.Deploy.0 = Debug|Any CPU
		{7903C0D1-2585-4ABB-AB93-3414628E5335}.Debug|ARM.ActiveCfg = Debug|ARM
		{7903C0D1-2585-4ABB-AB93-3414628E5335}.Debug|ARM.Build.0 = Debug|ARM
		{7903C0D1-2585-4ABB-AB93-3414628E5335}.Debug|ARM.Deploy.0 = Debug|ARM
		{7903C0D1-2585-4ABB-AB93-3414628E5335}.Debug|iPhone.ActiveCfg = Debug|Any CPU
		{7903C0D1-2585-4ABB-AB93-3414628E5335}.Debug|iPhone.Build.0 = Debug|Any CPU
		{7903C0D1-2585-4ABB-AB93-3414628E5335}.Debug|iPhone.Deploy.0 = Debug|Any CPU
		{7903C0D1-2585-4ABB-AB93-3414628E5335}.Debug|iPhoneSimulator.ActiveCfg = Debug|Any CPU
		{7903C0D1-2585-4ABB-AB93-3414628E5335}.Debug|iPhoneSimulator.Build.0 = Debug|Any CPU
		{7903C0D1-2585-4ABB-AB93-3414628E5335}.Debug|iPhoneSimulator.Deploy.0 = Debug|Any CPU
		{7903C0D1-2585-4ABB-AB93-3414628E5335}.Debug|x64.ActiveCfg = Debug|x64
		{7903C0D1-2585-4ABB-AB93-3414628E5335}.Debug|x64.Build.0 = Debug|x64
		{7903C0D1-2585-4ABB-AB93-3414628E5335}.Debug|x64.Deploy.0 = Debug|x64
		{7903C0D1-2585-4ABB-AB93-3414628E5335}.Debug|x86.ActiveCfg = Debug|x86
		{7903C0D1-2585-4ABB-AB93-3414628E5335}.Debug|x86.Build.0 = Debug|x86
		{7903C0D1-2585-4ABB-AB93-3414628E5335}.Debug|x86.Deploy.0 = Debug|x86
		{7903C0D1-2585-4ABB-AB93-3414628E5335}.Release|Any CPU.ActiveCfg = Release|Any CPU
		{7903C0D1-2585-4ABB-AB93-3414628E5335}.Release|Any CPU.Build.0 = Release|Any CPU
		{7903C0D1-2585-4ABB-AB93-3414628E5335}.Release|Any CPU.Deploy.0 = Release|Any CPU
		{7903C0D1-2585-4ABB-AB93-3414628E5335}.Release|ARM.ActiveCfg = Release|ARM
		{7903C0D1-2585-4ABB-AB93-3414628E5335}.Release|ARM.Build.0 = Release|ARM
		{7903C0D1-2585-4ABB-AB93-3414628E5335}.Release|ARM.Deploy.0 = Release|ARM
		{7903C0D1-2585-4ABB-AB93-3414628E5335}.Release|iPhone.ActiveCfg = Release|Any CPU
		{7903C0D1-2585-4ABB-AB93-3414628E5335}.Release|iPhone.Build.0 = Release|Any CPU
		{7903C0D1-2585-4ABB-AB93-3414628E5335}.Release|iPhone.Deploy.0 = Release|Any CPU
		{7903C0D1-2585-4ABB-AB93-3414628E5335}.Release|iPhoneSimulator.ActiveCfg = Release|Any CPU
		{7903C0D1-2585-4ABB-AB93-3414628E5335}.Release|iPhoneSimulator.Build.0 = Release|Any CPU
		{7903C0D1-2585-4ABB-AB93-3414628E5335}.Release|iPhoneSimulator.Deploy.0 = Release|Any CPU
		{7903C0D1-2585-4ABB-AB93-3414628E5335}.Release|x64.ActiveCfg = Release|x64
		{7903C0D1-2585-4ABB-AB93-3414628E5335}.Release|x64.Build.0 = Release|x64
		{7903C0D1-2585-4ABB-AB93-3414628E5335}.Release|x64.Deploy.0 = Release|x64
		{7903C0D1-2585-4ABB-AB93-3414628E5335}.Release|x86.ActiveCfg = Release|x86
		{7903C0D1-2585-4ABB-AB93-3414628E5335}.Release|x86.Build.0 = Release|x86
		{7903C0D1-2585-4ABB-AB93-3414628E5335}.Release|x86.Deploy.0 = Release|x86
		{BD8DA2A5-36FA-48C2-945B-DF902AFF1FAF}.Ad-Hoc|Any CPU.ActiveCfg = Release|Any CPU
		{BD8DA2A5-36FA-48C2-945B-DF902AFF1FAF}.Ad-Hoc|Any CPU.Build.0 = Release|Any CPU
		{BD8DA2A5-36FA-48C2-945B-DF902AFF1FAF}.Ad-Hoc|ARM.ActiveCfg = Release|Any CPU
		{BD8DA2A5-36FA-48C2-945B-DF902AFF1FAF}.Ad-Hoc|ARM.Build.0 = Release|Any CPU
		{BD8DA2A5-36FA-48C2-945B-DF902AFF1FAF}.Ad-Hoc|iPhone.ActiveCfg = Release|Any CPU
		{BD8DA2A5-36FA-48C2-945B-DF902AFF1FAF}.Ad-Hoc|iPhone.Build.0 = Release|Any CPU
		{BD8DA2A5-36FA-48C2-945B-DF902AFF1FAF}.Ad-Hoc|iPhoneSimulator.ActiveCfg = Release|Any CPU
		{BD8DA2A5-36FA-48C2-945B-DF902AFF1FAF}.Ad-Hoc|iPhoneSimulator.Build.0 = Release|Any CPU
		{BD8DA2A5-36FA-48C2-945B-DF902AFF1FAF}.Ad-Hoc|x64.ActiveCfg = Release|Any CPU
		{BD8DA2A5-36FA-48C2-945B-DF902AFF1FAF}.Ad-Hoc|x64.Build.0 = Release|Any CPU
		{BD8DA2A5-36FA-48C2-945B-DF902AFF1FAF}.Ad-Hoc|x86.ActiveCfg = Release|Any CPU
		{BD8DA2A5-36FA-48C2-945B-DF902AFF1FAF}.Ad-Hoc|x86.Build.0 = Release|Any CPU
		{BD8DA2A5-36FA-48C2-945B-DF902AFF1FAF}.AppStore|Any CPU.ActiveCfg = Release|Any CPU
		{BD8DA2A5-36FA-48C2-945B-DF902AFF1FAF}.AppStore|Any CPU.Build.0 = Release|Any CPU
		{BD8DA2A5-36FA-48C2-945B-DF902AFF1FAF}.AppStore|ARM.ActiveCfg = Release|Any CPU
		{BD8DA2A5-36FA-48C2-945B-DF902AFF1FAF}.AppStore|ARM.Build.0 = Release|Any CPU
		{BD8DA2A5-36FA-48C2-945B-DF902AFF1FAF}.AppStore|iPhone.ActiveCfg = Release|Any CPU
		{BD8DA2A5-36FA-48C2-945B-DF902AFF1FAF}.AppStore|iPhone.Build.0 = Release|Any CPU
		{BD8DA2A5-36FA-48C2-945B-DF902AFF1FAF}.AppStore|iPhoneSimulator.ActiveCfg = Release|Any CPU
		{BD8DA2A5-36FA-48C2-945B-DF902AFF1FAF}.AppStore|iPhoneSimulator.Build.0 = Release|Any CPU
		{BD8DA2A5-36FA-48C2-945B-DF902AFF1FAF}.AppStore|x64.ActiveCfg = Release|Any CPU
		{BD8DA2A5-36FA-48C2-945B-DF902AFF1FAF}.AppStore|x64.Build.0 = Release|Any CPU
		{BD8DA2A5-36FA-48C2-945B-DF902AFF1FAF}.AppStore|x86.ActiveCfg = Release|Any CPU
		{BD8DA2A5-36FA-48C2-945B-DF902AFF1FAF}.AppStore|x86.Build.0 = Release|Any CPU
		{BD8DA2A5-36FA-48C2-945B-DF902AFF1FAF}.Debug|Any CPU.ActiveCfg = Debug|Any CPU
		{BD8DA2A5-36FA-48C2-945B-DF902AFF1FAF}.Debug|Any CPU.Build.0 = Debug|Any CPU
		{BD8DA2A5-36FA-48C2-945B-DF902AFF1FAF}.Debug|ARM.ActiveCfg = Debug|Any CPU
		{BD8DA2A5-36FA-48C2-945B-DF902AFF1FAF}.Debug|ARM.Build.0 = Debug|Any CPU
		{BD8DA2A5-36FA-48C2-945B-DF902AFF1FAF}.Debug|iPhone.ActiveCfg = Debug|Any CPU
		{BD8DA2A5-36FA-48C2-945B-DF902AFF1FAF}.Debug|iPhone.Build.0 = Debug|Any CPU
		{BD8DA2A5-36FA-48C2-945B-DF902AFF1FAF}.Debug|iPhoneSimulator.ActiveCfg = Debug|Any CPU
		{BD8DA2A5-36FA-48C2-945B-DF902AFF1FAF}.Debug|iPhoneSimulator.Build.0 = Debug|Any CPU
		{BD8DA2A5-36FA-48C2-945B-DF902AFF1FAF}.Debug|x64.ActiveCfg = Debug|Any CPU
		{BD8DA2A5-36FA-48C2-945B-DF902AFF1FAF}.Debug|x64.Build.0 = Debug|Any CPU
		{BD8DA2A5-36FA-48C2-945B-DF902AFF1FAF}.Debug|x86.ActiveCfg = Debug|Any CPU
		{BD8DA2A5-36FA-48C2-945B-DF902AFF1FAF}.Debug|x86.Build.0 = Debug|Any CPU
		{BD8DA2A5-36FA-48C2-945B-DF902AFF1FAF}.Release|Any CPU.ActiveCfg = Release|Any CPU
		{BD8DA2A5-36FA-48C2-945B-DF902AFF1FAF}.Release|Any CPU.Build.0 = Release|Any CPU
		{BD8DA2A5-36FA-48C2-945B-DF902AFF1FAF}.Release|ARM.ActiveCfg = Release|Any CPU
		{BD8DA2A5-36FA-48C2-945B-DF902AFF1FAF}.Release|ARM.Build.0 = Release|Any CPU
		{BD8DA2A5-36FA-48C2-945B-DF902AFF1FAF}.Release|iPhone.ActiveCfg = Release|Any CPU
		{BD8DA2A5-36FA-48C2-945B-DF902AFF1FAF}.Release|iPhone.Build.0 = Release|Any CPU
		{BD8DA2A5-36FA-48C2-945B-DF902AFF1FAF}.Release|iPhoneSimulator.ActiveCfg = Release|Any CPU
		{BD8DA2A5-36FA-48C2-945B-DF902AFF1FAF}.Release|iPhoneSimulator.Build.0 = Release|Any CPU
		{BD8DA2A5-36FA-48C2-945B-DF902AFF1FAF}.Release|x64.ActiveCfg = Release|Any CPU
		{BD8DA2A5-36FA-48C2-945B-DF902AFF1FAF}.Release|x64.Build.0 = Release|Any CPU
		{BD8DA2A5-36FA-48C2-945B-DF902AFF1FAF}.Release|x86.ActiveCfg = Release|Any CPU
		{BD8DA2A5-36FA-48C2-945B-DF902AFF1FAF}.Release|x86.Build.0 = Release|Any CPU
	EndGlobalSection
	GlobalSection(SolutionProperties) = preSolution
		HideSolutionNode = FALSE
	EndGlobalSection
EndGlobal
